// !$*UTF8*$!
{
	archiveVersion = 1;
	classes = {
	};
	objectVersion = 50;
	objects = {

/* Begin PBXBuildFile section */
		EDFAFF3B26CE3B3400704A69 /* AppDelegate.swift in Sources */ = {isa = PBXBuildFile; fileRef = EDFAFF3A26CE3B3400704A69 /* AppDelegate.swift */; };
		EDFAFF3D26CE3B3400704A69 /* SceneDelegate.swift in Sources */ = {isa = PBXBuildFile; fileRef = EDFAFF3C26CE3B3400704A69 /* SceneDelegate.swift */; };
		EDFAFF3F26CE3B3500704A69 /* ViewController.swift in Sources */ = {isa = PBXBuildFile; fileRef = EDFAFF3E26CE3B3500704A69 /* ViewController.swift */; };
		EDFAFF4226CE3B3500704A69 /* Main.storyboard in Resources */ = {isa = PBXBuildFile; fileRef = EDFAFF4026CE3B3500704A69 /* Main.storyboard */; };
		EDFAFF4426CE3B3600704A69 /* Assets.xcassets in Resources */ = {isa = PBXBuildFile; fileRef = EDFAFF4326CE3B3600704A69 /* Assets.xcassets */; };
		EDFAFF4726CE3B3600704A69 /* LaunchScreen.storyboard in Resources */ = {isa = PBXBuildFile; fileRef = EDFAFF4526CE3B3600704A69 /* LaunchScreen.storyboard */; };
/* End PBXBuildFile section */

/* Begin PBXFileReference section */
		EDFAFF3726CE3B3400704A69 /* MVVM-Example.app */ = {isa = PBXFileReference; explicitFileType = wrapper.application; includeInIndex = 0; path = "MVVM-Example.app"; sourceTree = BUILT_PRODUCTS_DIR; };
		EDFAFF3A26CE3B3400704A69 /* AppDelegate.swift */ = {isa = PBXFileReference; lastKnownFileType = sourcecode.swift; path = AppDelegate.swift; sourceTree = "<group>"; };
		EDFAFF3C26CE3B3400704A69 /* SceneDelegate.swift */ = {isa = PBXFileReference; lastKnownFileType = sourcecode.swift; path = SceneDelegate.swift; sourceTree = "<group>"; };
		EDFAFF3E26CE3B3500704A69 /* ViewController.swift */ = {isa = PBXFileReference; lastKnownFileType = sourcecode.swift; path = ViewController.swift; sourceTree = "<group>"; };
		EDFAFF4126CE3B3500704A69 /* Base */ = {isa = PBXFileReference; lastKnownFileType = file.storyboard; name = Base; path = Base.lproj/Main.storyboard; sourceTree = "<group>"; };
		EDFAFF4326CE3B3600704A69 /* Assets.xcassets */ = {isa = PBXFileReference; lastKnownFileType = folder.assetcatalog; path = Assets.xcassets; sourceTree = "<group>"; };
		EDFAFF4626CE3B3600704A69 /* Base */ = {isa = PBXFileReference; lastKnownFileType = file.storyboard; name = Base; path = Base.lproj/LaunchScreen.storyboard; sourceTree = "<group>"; };
		EDFAFF4826CE3B3600704A69 /* Info.plist */ = {isa = PBXFileReference; lastKnownFileType = text.plist.xml; path = Info.plist; sourceTree = "<group>"; };
/* End PBXFileReference section */

/* Begin PBXFrameworksBuildPhase section */
		EDFAFF3426CE3B3400704A69 /* Frameworks */ = {
			isa = PBXFrameworksBuildPhase;
			buildActionMask = 2147483647;
			files = (
			);
			runOnlyForDeploymentPostprocessing = 0;
		};
/* End PBXFrameworksBuildPhase section */

/* Begin PBXGroup section */
		EDFAFF2E26CE3B3400704A69 = {
			isa = PBXGroup;
			children = (
				EDFAFF3926CE3B3400704A69 /* MVVM-Example */,
				EDFAFF3826CE3B3400704A69 /* Products */,
			);
			sourceTree = "<group>";
		};
		EDFAFF3826CE3B3400704A69 /* Products */ = {
			isa = PBXGroup;
			children = (
				EDFAFF3726CE3B3400704A69 /* MVVM-Example.app */,
			);
			name = Products;
			sourceTree = "<group>";
		};
		EDFAFF3926CE3B3400704A69 /* MVVM-Example */ = {
			isa = PBXGroup;
			children = (
				EDFAFF3A26CE3B3400704A69 /* AppDelegate.swift */,
				EDFAFF3C26CE3B3400704A69 /* SceneDelegate.swift */,
				EDFAFF3E26CE3B3500704A69 /* ViewController.swift */,
				EDFAFF4026CE3B3500704A69 /* Main.storyboard */,
				EDFAFF4326CE3B3600704A69 /* Assets.xcassets */,
				EDFAFF4526CE3B3600704A69 /* LaunchScreen.storyboard */,
				EDFAFF4826CE3B3600704A69 /* Info.plist */,
			);
			path = "MVVM-Example";
			sourceTree = "<group>";
		};
/* End PBXGroup section */

/* Begin PBXNativeTarget section */
		EDFAFF3626CE3B3400704A69 /* MVVM-Example */ = {
			isa = PBXNativeTarget;
			buildConfigurationList = EDFAFF4B26CE3B3600704A69 /* Build configuration list for PBXNativeTarget "MVVM-Example" */;
			buildPhases = (
				EDFAFF3326CE3B3400704A69 /* Sources */,
				EDFAFF3426CE3B3400704A69 /* Frameworks */,
				EDFAFF3526CE3B3400704A69 /* Resources */,
			);
			buildRules = (
			);
			dependencies = (
			);
			name = "MVVM-Example";
			productName = "MVVM-Example";
			productReference = EDFAFF3726CE3B3400704A69 /* MVVM-Example.app */;
			productType = "com.apple.product-type.application";
		};
/* End PBXNativeTarget section */

/* Begin PBXProject section */
		EDFAFF2F26CE3B3400704A69 /* Project object */ = {
			isa = PBXProject;
			attributes = {
				LastSwiftUpdateCheck = 1250;
				LastUpgradeCheck = 1250;
				TargetAttributes = {
					EDFAFF3626CE3B3400704A69 = {
						CreatedOnToolsVersion = 12.5.1;
					};
				};
			};
			buildConfigurationList = EDFAFF3226CE3B3400704A69 /* Build configuration list for PBXProject "MVVM-Example" */;
			compatibilityVersion = "Xcode 9.3";
			developmentRegion = en;
			hasScannedForEncodings = 0;
			knownRegions = (
				en,
				Base,
			);
			mainGroup = EDFAFF2E26CE3B3400704A69;
			productRefGroup = EDFAFF3826CE3B3400704A69 /* Products */;
			projectDirPath = "";
			projectRoot = "";
			targets = (
				EDFAFF3626CE3B3400704A69 /* MVVM-Example */,
			);
		};
/* End PBXProject section */

/* Begin PBXResourcesBuildPhase section */
		EDFAFF3526CE3B3400704A69 /* Resources */ = {
			isa = PBXResourcesBuildPhase;
			buildActionMask = 2147483647;
			files = (
				EDFAFF4726CE3B3600704A69 /* LaunchScreen.storyboard in Resources */,
				EDFAFF4426CE3B3600704A69 /* Assets.xcassets in Resources */,
				EDFAFF4226CE3B3500704A69 /* Main.storyboard in Resources */,
			);
			runOnlyForDeploymentPostprocessing = 0;
		};
/* End PBXResourcesBuildPhase section */

/* Begin PBXSourcesBuildPhase section */
		EDFAFF3326CE3B3400704A69 /* Sources */ = {
			isa = PBXSourcesBuildPhase;
			buildActionMask = 2147483647;
			files = (
				EDFAFF3F26CE3B3500704A69 /* ViewController.swift in Sources */,
				EDFAFF3B26CE3B3400704A69 /* AppDelegate.swift in Sources */,
				EDFAFF3D26CE3B3400704A69 /* SceneDelegate.swift in Sources */,
			);
			runOnlyForDeploymentPostprocessing = 0;
		};
/* End PBXSourcesBuildPhase section */

/* Begin PBXVariantGroup section */
		EDFAFF4026CE3B3500704A69 /* Main.storyboard */ = {
			isa = PBXVariantGroup;
			children = (
				EDFAFF4126CE3B3500704A69 /* Base */,
			);
			name = Main.storyboard;
			sourceTree = "<group>";
		};
		EDFAFF4526CE3B3600704A69 /* LaunchScreen.storyboard */ = {
			isa = PBXVariantGroup;
			children = (
				EDFAFF4626CE3B3600704A69 /* Base */,
			);
			name = LaunchScreen.storyboard;
			sourceTree = "<group>";
		};
/* End PBXVariantGroup section */

/* Begin XCBuildConfiguration section */
		EDFAFF4926CE3B3600704A69 /* Debug */ = {
			isa = XCBuildConfiguration;
			buildSettings = {
				ALWAYS_SEARCH_USER_PATHS = NO;
				CLANG_ANALYZER_NONNULL = YES;
				CLANG_ANALYZER_NUMBER_OBJECT_CONVERSION = YES_AGGRESSIVE;
				CLANG_CXX_LANGUAGE_STANDARD = "gnu++14";
				CLANG_CXX_LIBRARY = "libc++";
				CLANG_ENABLE_MODULES = YES;
				CLANG_ENABLE_OBJC_ARC = YES;
				CLANG_ENABLE_OBJC_WEAK = YES;
				CLANG_WARN_BLOCK_CAPTURE_AUTORELEASING = YES;
				CLANG_WARN_BOOL_CONVERSION = YES;
				CLANG_WARN_COMMA = YES;
				CLANG_WARN_CONSTANT_CONVERSION = YES;
				CLANG_WARN_DEPRECATED_OBJC_IMPLEMENTATIONS = YES;
				CLANG_WARN_DIRECT_OBJC_ISA_USAGE = YES_ERROR;
				CLANG_WARN_DOCUMENTATION_COMMENTS = YES;
				CLANG_WARN_EMPTY_BODY = YES;
				CLANG_WARN_ENUM_CONVERSION = YES;
				CLANG_WARN_INFINITE_RECURSION = YES;
				CLANG_WARN_INT_CONVERSION = YES;
				CLANG_WARN_NON_LITERAL_NULL_CONVERSION = YES;
				CLANG_WARN_OBJC_IMPLICIT_RETAIN_SELF = YES;
				CLANG_WARN_OBJC_LITERAL_CONVERSION = YES;
				CLANG_WARN_OBJC_ROOT_CLASS = YES_ERROR;
				CLANG_WARN_QUOTED_INCLUDE_IN_FRAMEWORK_HEADER = YES;
				CLANG_WARN_RANGE_LOOP_ANALYSIS = YES;
				CLANG_WARN_STRICT_PROTOTYPES = YES;
				CLANG_WARN_SUSPICIOUS_MOVE = YES;
				CLANG_WARN_UNGUARDED_AVAILABILITY = YES_AGGRESSIVE;
				CLANG_WARN_UNREACHABLE_CODE = YES;
				CLANG_WARN__DUPLICATE_METHOD_MATCH = YES;
				COPY_PHASE_STRIP = NO;
				DEBUG_INFORMATION_FORMAT = dwarf;
				ENABLE_STRICT_OBJC_MSGSEND = YES;
				ENABLE_TESTABILITY = YES;
				GCC_C_LANGUAGE_STANDARD = gnu11;
				GCC_DYNAMIC_NO_PIC = NO;
				GCC_NO_COMMON_BLOCKS = YES;
				GCC_OPTIMIZATION_LEVEL = 0;
				GCC_PREPROCESSOR_DEFINITIONS = (
					"DEBUG=1",
					"$(inherited)",
				);
				GCC_WARN_64_TO_32_BIT_CONVERSION = YES;
				GCC_WARN_ABOUT_RETURN_TYPE = YES_ERROR;
				GCC_WARN_UNDECLARED_SELECTOR = YES;
				GCC_WARN_UNINITIALIZED_AUTOS = YES_AGGRESSIVE;
				GCC_WARN_UNUSED_FUNCTION = YES;
				GCC_WARN_UNUSED_VARIABLE = YES;
				IPHONEOS_DEPLOYMENT_TARGET = 14.5;
				MTL_ENABLE_DEBUG_INFO = INCLUDE_SOURCE;
				MTL_FAST_MATH = YES;
				ONLY_ACTIVE_ARCH = YES;
				SDKROOT = iphoneos;
				SWIFT_ACTIVE_COMPILATION_CONDITIONS = DEBUG;
				SWIFT_OPTIMIZATION_LEVEL = "-Onone";
			};
			name = Debug;
		};
		EDFAFF4A26CE3B3600704A69 /* Release */ = {
			isa = XCBuildConfiguration;
			buildSettings = {
				ALWAYS_SEARCH_USER_PATHS = NO;
				CLANG_ANALYZER_NONNULL = YES;
				CLANG_ANALYZER_NUMBER_OBJECT_CONVERSION = YES_AGGRESSIVE;
				CLANG_CXX_LANGUAGE_STANDARD = "gnu++14";
				CLANG_CXX_LIBRARY = "libc++";
				CLANG_ENABLE_MODULES = YES;
				CLANG_ENABLE_OBJC_ARC = YES;
				CLANG_ENABLE_OBJC_WEAK = YES;
				CLANG_WARN_BLOCK_CAPTURE_AUTORELEASING = YES;
				CLANG_WARN_BOOL_CONVERSION = YES;
				CLANG_WARN_COMMA = YES;
				CLANG_WARN_CONSTANT_CONVERSION = YES;
				CLANG_WARN_DEPRECATED_OBJC_IMPLEMENTATIONS = YES;
				CLANG_WARN_DIRECT_OBJC_ISA_USAGE = YES_ERROR;
				CLANG_WARN_DOCUMENTATION_COMMENTS = YES;
				CLANG_WARN_EMPTY_BODY = YES;
				CLANG_WARN_ENUM_CONVERSION = YES;
				CLANG_WARN_INFINITE_RECURSION = YES;
				CLANG_WARN_INT_CONVERSION = YES;
				CLANG_WARN_NON_LITERAL_NULL_CONVERSION = YES;
				CLANG_WARN_OBJC_IMPLICIT_RETAIN_SELF = YES;
				CLANG_WARN_OBJC_LITERAL_CONVERSION = YES;
				CLANG_WARN_OBJC_ROOT_CLASS = YES_ERROR;
				CLANG_WARN_QUOTED_INCLUDE_IN_FRAMEWORK_HEADER = YES;
				CLANG_WARN_RANGE_LOOP_ANALYSIS = YES;
				CLANG_WARN_STRICT_PROTOTYPES = YES;
				CLANG_WARN_SUSPICIOUS_MOVE = YES;
				CLANG_WARN_UNGUARDED_AVAILABILITY = YES_AGGRESSIVE;
				CLANG_WARN_UNREACHABLE_CODE = YES;
				CLANG_WARN__DUPLICATE_METHOD_MATCH = YES;
				COPY_PHASE_STRIP = NO;
				DEBUG_INFORMATION_FORMAT = "dwarf-with-dsym";
				ENABLE_NS_ASSERTIONS = NO;
				ENABLE_STRICT_OBJC_MSGSEND = YES;
				GCC_C_LANGUAGE_STANDARD = gnu11;
				GCC_NO_COMMON_BLOCKS = YES;
				GCC_WARN_64_TO_32_BIT_CONVERSION = YES;
				GCC_WARN_ABOUT_RETURN_TYPE = YES_ERROR;
				GCC_WARN_UNDECLARED_SELECTOR = YES;
				GCC_WARN_UNINITIALIZED_AUTOS = YES_AGGRESSIVE;
				GCC_WARN_UNUSED_FUNCTION = YES;
				GCC_WARN_UNUSED_VARIABLE = YES;
				IPHONEOS_DEPLOYMENT_TARGET = 14.5;
				MTL_ENABLE_DEBUG_INFO = NO;
				MTL_FAST_MATH = YES;
				SDKROOT = iphoneos;
				SWIFT_COMPILATION_MODE = wholemodule;
				SWIFT_OPTIMIZATION_LEVEL = "-O";
				VALIDATE_PRODUCT = YES;
			};
			name = Release;
		};
		EDFAFF4C26CE3B3600704A69 /* Debug */ = {
			isa = XCBuildConfiguration;
			buildSettings = {
				ASSETCATALOG_COMPILER_APPICON_NAME = AppIcon;
				ASSETCATALOG_COMPILER_GLOBAL_ACCENT_COLOR_NAME = AccentColor;
				CODE_SIGN_STYLE = Automatic;
				INFOPLIST_FILE = "MVVM-Example/Info.plist";
				LD_RUNPATH_SEARCH_PATHS = (
					"$(inherited)",
					"@executable_path/Frameworks",
				);
				PRODUCT_BUNDLE_IDENTIFIER = "com.tiekle.MVVM-Example";
				PRODUCT_NAME = "$(TARGET_NAME)";
				SWIFT_VERSION = 5.0;
				TARGETED_DEVICE_FAMILY = "1,2";
			};
			name = Debug;
		};
		EDFAFF4D26CE3B3600704A69 /* Release */ = {
			isa = XCBuildConfiguration;
			buildSettings = {
				ASSETCATALOG_COMPILER_APPICON_NAME = AppIcon;
				ASSETCATALOG_COMPILER_GLOBAL_ACCENT_COLOR_NAME = AccentColor;
				CODE_SIGN_STYLE = Automatic;
				INFOPLIST_FILE = "MVVM-Example/Info.plist";
				LD_RUNPATH_SEARCH_PATHS = (
					"$(inherited)",
					"@executable_path/Frameworks",
				);
				PRODUCT_BUNDLE_IDENTIFIER = "com.tiekle.MVVM-Example";
				PRODUCT_NAME = "$(TARGET_NAME)";
				SWIFT_VERSION = 5.0;
				TARGETED_DEVICE_FAMILY = "1,2";
			};
			name = Release;
		};
/* End XCBuildConfiguration section */

/* Begin XCConfigurationList section */
		EDFAFF3226CE3B3400704A69 /* Build configuration list for PBXProject "MVVM-Example" */ = {
			isa = XCConfigurationList;
			buildConfigurations = (
				EDFAFF4926CE3B3600704A69 /* Debug */,
				EDFAFF4A26CE3B3600704A69 /* Release */,
			);
			defaultConfigurationIsVisible = 0;
			defaultConfigurationName = Release;
		};
		EDFAFF4B26CE3B3600704A69 /* Build configuration list for PBXNativeTarget "MVVM-Example" */ = {
			isa = XCConfigurationList;
			buildConfigurations = (
				EDFAFF4C26CE3B3600704A69 /* Debug */,
				EDFAFF4D26CE3B3600704A69 /* Release */,
			);
			defaultConfigurationIsVisible = 0;
			defaultConfigurationName = Release;
		};
/* End XCConfigurationList section */
	};
	rootObject = EDFAFF2F26CE3B3400704A69 /* Project object */;
}
